
Microsoft Visual Studio Solution File, Format Version 12.00
# Visual Studio 15
VisualStudioVersion = 15.0.27130.2024
MinimumVisualStudioVersion = 10.0.40219.1
Project("{FAE04EC0-301F-11D3-BF4B-00C04F79EFBC}") = "GenerateEmail.WinForm", "GenerateEmail.WinForm\GenerateEmail.WinForm.csproj", "{C1FBF16F-8DCB-41A7-9764-56B55E77E85E}"
EndProject
Project("{FAE04EC0-301F-11D3-BF4B-00C04F79EFBC}") = "GenerateEmail.Core", "GenerateEmail.Core\GenerateEmail.Core.csproj", "{52C2E353-9152-4712-9CEC-09F1CEACA6C5}"
EndProject
Global
	GlobalSection(SolutionConfigurationPlatforms) = preSolution
		Debug|Any CPU = Debug|Any CPU
		Release|Any CPU = Release|Any CPU
	EndGlobalSection
	GlobalSection(ProjectConfigurationPlatforms) = postSolution
		{C1FBF16F-8DCB-41A7-9764-56B55E77E85E}.Debug|Any CPU.ActiveCfg = Debug|Any CPU
		{C1FBF16F-8DCB-41A7-9764-56B55E77E85E}.Debug|Any CPU.Build.0 = Debug|Any CPU
		{C1FBF16F-8DCB-41A7-9764-56B55E77E85E}.Release|Any CPU.ActiveCfg = Release|Any CPU
		{C1FBF16F-8DCB-41A7-9764-56B55E77E85E}.Release|Any CPU.Build.0 = Release|Any CPU
		{52C2E353-9152-4712-9CEC-09F1CEACA6C5}.Debug|Any CPU.ActiveCfg = Debug|Any CPU
		{52C2E353-9152-4712-9CEC-09F1CEACA6C5}.Debug|Any CPU.Build.0 = Debug|Any CPU
		{52C2E353-9152-4712-9CEC-09F1CEACA6C5}.Release|Any CPU.ActiveCfg = Release|Any CPU
		{52C2E353-9152-4712-9CEC-09F1CEACA6C5}.Release|Any CPU.Build.0 = Release|Any CPU
	EndGlobalSection
	GlobalSection(SolutionProperties) = preSolution
		HideSolutionNode = FALSE
	EndGlobalSection
	GlobalSection(ExtensibilityGlobals) = postSolution
		SolutionGuid = {D2125BEE-F173-4283-B5D1-0A7100A69B00}
	EndGlobalSection
EndGlobal
